
Microsoft Visual Studio Solution File, Format Version 12.00
# Visual Studio Version 17
VisualStudioVersion = 17.2.32630.192
MinimumVisualStudioVersion = 10.0.40219.1
Project("{9A19103F-16F7-4668-BE54-9A1E7A4F7556}") = "R5T.R0013", "R5T.R0013\R5T.R0013.csproj", "{EEF3A820-72E3-4121-BFB7-E3549173FC67}"
EndProject
Global
	GlobalSection(SolutionConfigurationPlatforms) = preSolution
		Debug|Any CPU = Debug|Any CPU
		Release|Any CPU = Release|Any CPU
	EndGlobalSection
	GlobalSection(ProjectConfigurationPlatforms) = postSolution
		{EEF3A820-72E3-4121-BFB7-E3549173FC67}.Debug|Any CPU.ActiveCfg = Debug|Any CPU
		{EEF3A820-72E3-4121-BFB7-E3549173FC67}.Debug|Any CPU.Build.0 = Debug|Any CPU
		{EEF3A820-72E3-4121-BFB7-E3549173FC67}.Release|Any CPU.ActiveCfg = Release|Any CPU
		{EEF3A820-72E3-4121-BFB7-E3549173FC67}.Release|Any CPU.Build.0 = Release|Any CPU
	EndGlobalSection
	GlobalSection(SolutionProperties) = preSolution
		HideSolutionNode = FALSE
	EndGlobalSection
	GlobalSection(ExtensibilityGlobals) = postSolution
		SolutionGuid = {19574559-1A09-4AD5-B803-29CCCA214910}
	EndGlobalSection
EndGlobal
