
Microsoft Visual Studio Solution File, Format Version 12.00
# Visual Studio Version 17
VisualStudioVersion = 17.2.32630.192
MinimumVisualStudioVersion = 10.0.40219.1
Project("{9A19103F-16F7-4668-BE54-9A1E7A4F7556}") = "R5T.R0013", "R5T.R0013\R5T.R0013.csproj", "{EEF3A820-72E3-4121-BFB7-E3549173FC67}"
EndProject
Project("{2150E333-8FDC-42A3-9474-1A3956D46DE8}") = "_Dependencies", "_Dependencies", "{DBD577BC-83F5-4C32-9B3C-C2247F008472}"
EndProject
Project("{9A19103F-16F7-4668-BE54-9A1E7A4F7556}") = "R5T.T0143", "..\..\R5T.T0143\source\R5T.T0143\R5T.T0143.csproj", "{7FC49737-7381-472F-A8E9-E7DEC902B822}"
EndProject
Project("{9A19103F-16F7-4668-BE54-9A1E7A4F7556}") = "R5T.T0154", "..\..\R5T.T0154\source\R5T.T0154\R5T.T0154.csproj", "{ED69458D-563B-4FDD-80EC-5EFEF7AF588C}"
EndProject
Project("{9A19103F-16F7-4668-BE54-9A1E7A4F7556}") = "R5T.R0014", "..\..\R5T.R0014\source\R5T.R0014\R5T.R0014.csproj", "{E10E5EF3-2B71-46E8-9036-75E8D92A6FD3}"
EndProject
Global
	GlobalSection(NestedProjects) = preSolution
		{7FC49737-7381-472F-A8E9-E7DEC902B822} = {DBD577BC-83F5-4C32-9B3C-C2247F008472}
		{ED69458D-563B-4FDD-80EC-5EFEF7AF588C} = {DBD577BC-83F5-4C32-9B3C-C2247F008472}
		{E10E5EF3-2B71-46E8-9036-75E8D92A6FD3} = {DBD577BC-83F5-4C32-9B3C-C2247F008472}
	EndGlobalSection
	GlobalSection(SolutionConfigurationPlatforms) = preSolution
		Debug|Any CPU = Debug|Any CPU
		Release|Any CPU = Release|Any CPU
	EndGlobalSection
	GlobalSection(ProjectConfigurationPlatforms) = postSolution
		{EEF3A820-72E3-4121-BFB7-E3549173FC67}.Debug|Any CPU.ActiveCfg = Debug|Any CPU
		{EEF3A820-72E3-4121-BFB7-E3549173FC67}.Debug|Any CPU.Build.0 = Debug|Any CPU
		{EEF3A820-72E3-4121-BFB7-E3549173FC67}.Release|Any CPU.ActiveCfg = Release|Any CPU
		{EEF3A820-72E3-4121-BFB7-E3549173FC67}.Release|Any CPU.Build.0 = Release|Any CPU
		{7FC49737-7381-472F-A8E9-E7DEC902B822}.Debug|Any CPU.ActiveCfg = Debug|Any CPU
		{7FC49737-7381-472F-A8E9-E7DEC902B822}.Debug|Any CPU.Build.0 = Debug|Any CPU
		{7FC49737-7381-472F-A8E9-E7DEC902B822}.Release|Any CPU.ActiveCfg = Release|Any CPU
		{7FC49737-7381-472F-A8E9-E7DEC902B822}.Release|Any CPU.Build.0 = Release|Any CPU
		{ED69458D-563B-4FDD-80EC-5EFEF7AF588C}.Debug|Any CPU.ActiveCfg = Debug|Any CPU
		{ED69458D-563B-4FDD-80EC-5EFEF7AF588C}.Debug|Any CPU.Build.0 = Debug|Any CPU
		{ED69458D-563B-4FDD-80EC-5EFEF7AF588C}.Release|Any CPU.ActiveCfg = Release|Any CPU
		{ED69458D-563B-4FDD-80EC-5EFEF7AF588C}.Release|Any CPU.Build.0 = Release|Any CPU
		{E10E5EF3-2B71-46E8-9036-75E8D92A6FD3}.Debug|Any CPU.ActiveCfg = Debug|Any CPU
		{E10E5EF3-2B71-46E8-9036-75E8D92A6FD3}.Debug|Any CPU.Build.0 = Debug|Any CPU
		{E10E5EF3-2B71-46E8-9036-75E8D92A6FD3}.Release|Any CPU.ActiveCfg = Release|Any CPU
		{E10E5EF3-2B71-46E8-9036-75E8D92A6FD3}.Release|Any CPU.Build.0 = Release|Any CPU
	EndGlobalSection
	GlobalSection(SolutionProperties) = preSolution
		HideSolutionNode = FALSE
	EndGlobalSection
	GlobalSection(ExtensibilityGlobals) = postSolution
		SolutionGuid = {19574559-1A09-4AD5-B803-29CCCA214910}
	EndGlobalSection
EndGlobal
