
Microsoft Visual Studio Solution File, Format Version 12.00
# Visual Studio Version 17
VisualStudioVersion = 17.2.32630.192
MinimumVisualStudioVersion = 10.0.40219.1
Project("{9A19103F-16F7-4668-BE54-9A1E7A4F7556}") = "R5T.R0013.Construction", "R5T.R0013.Construction\R5T.R0013.Construction.csproj", "{8B880EA2-D422-4CE9-93E1-2355CC20FF96}"
EndProject
Project("{9A19103F-16F7-4668-BE54-9A1E7A4F7556}") = "R5T.R0013", "R5T.R0013\R5T.R0013.csproj", "{C5DEEB63-9596-4BA4-8023-658F06FB16BA}"
EndProject
Project("{2150E333-8FDC-42A3-9474-1A3956D46DE8}") = "_Dependencies", "_Dependencies", "{91C3C7EF-BF98-432D-AD7F-E27E179275CD}"
EndProject
Project("{9A19103F-16F7-4668-BE54-9A1E7A4F7556}") = "R5T.T0143", "..\..\R5T.T0143\source\R5T.T0143\R5T.T0143.csproj", "{D09FC1B3-947D-448F-B8CC-5784DCD23196}"
EndProject
Project("{9A19103F-16F7-4668-BE54-9A1E7A4F7556}") = "R5T.T0154", "..\..\R5T.T0154\source\R5T.T0154\R5T.T0154.csproj", "{777F209E-1EE4-47F1-82BE-B297B3F8B295}"
EndProject
Project("{9A19103F-16F7-4668-BE54-9A1E7A4F7556}") = "R5T.T0131", "..\..\R5T.T0131\source\R5T.T0131\R5T.T0131.csproj", "{E9BE1EC3-3A15-4C6F-B7AA-1201750F1A7D}"
EndProject
Project("{9A19103F-16F7-4668-BE54-9A1E7A4F7556}") = "R5T.R0014", "..\..\R5T.R0014\source\R5T.R0014\R5T.R0014.csproj", "{BF62D4DF-0A44-43DE-B08A-B89159E7ABF4}"
EndProject
Global
	GlobalSection(NestedProjects) = preSolution
		{D09FC1B3-947D-448F-B8CC-5784DCD23196} = {91C3C7EF-BF98-432D-AD7F-E27E179275CD}
		{777F209E-1EE4-47F1-82BE-B297B3F8B295} = {91C3C7EF-BF98-432D-AD7F-E27E179275CD}
		{E9BE1EC3-3A15-4C6F-B7AA-1201750F1A7D} = {91C3C7EF-BF98-432D-AD7F-E27E179275CD}
		{BF62D4DF-0A44-43DE-B08A-B89159E7ABF4} = {91C3C7EF-BF98-432D-AD7F-E27E179275CD}
	EndGlobalSection
	GlobalSection(SolutionConfigurationPlatforms) = preSolution
		Debug|Any CPU = Debug|Any CPU
		Release|Any CPU = Release|Any CPU
	EndGlobalSection
	GlobalSection(ProjectConfigurationPlatforms) = postSolution
		{8B880EA2-D422-4CE9-93E1-2355CC20FF96}.Debug|Any CPU.ActiveCfg = Debug|Any CPU
		{8B880EA2-D422-4CE9-93E1-2355CC20FF96}.Debug|Any CPU.Build.0 = Debug|Any CPU
		{8B880EA2-D422-4CE9-93E1-2355CC20FF96}.Release|Any CPU.ActiveCfg = Release|Any CPU
		{8B880EA2-D422-4CE9-93E1-2355CC20FF96}.Release|Any CPU.Build.0 = Release|Any CPU
		{C5DEEB63-9596-4BA4-8023-658F06FB16BA}.Debug|Any CPU.ActiveCfg = Debug|Any CPU
		{C5DEEB63-9596-4BA4-8023-658F06FB16BA}.Debug|Any CPU.Build.0 = Debug|Any CPU
		{C5DEEB63-9596-4BA4-8023-658F06FB16BA}.Release|Any CPU.ActiveCfg = Release|Any CPU
		{C5DEEB63-9596-4BA4-8023-658F06FB16BA}.Release|Any CPU.Build.0 = Release|Any CPU
		{D09FC1B3-947D-448F-B8CC-5784DCD23196}.Debug|Any CPU.ActiveCfg = Debug|Any CPU
		{D09FC1B3-947D-448F-B8CC-5784DCD23196}.Debug|Any CPU.Build.0 = Debug|Any CPU
		{D09FC1B3-947D-448F-B8CC-5784DCD23196}.Release|Any CPU.ActiveCfg = Release|Any CPU
		{D09FC1B3-947D-448F-B8CC-5784DCD23196}.Release|Any CPU.Build.0 = Release|Any CPU
		{777F209E-1EE4-47F1-82BE-B297B3F8B295}.Debug|Any CPU.ActiveCfg = Debug|Any CPU
		{777F209E-1EE4-47F1-82BE-B297B3F8B295}.Debug|Any CPU.Build.0 = Debug|Any CPU
		{777F209E-1EE4-47F1-82BE-B297B3F8B295}.Release|Any CPU.ActiveCfg = Release|Any CPU
		{777F209E-1EE4-47F1-82BE-B297B3F8B295}.Release|Any CPU.Build.0 = Release|Any CPU
		{E9BE1EC3-3A15-4C6F-B7AA-1201750F1A7D}.Debug|Any CPU.ActiveCfg = Debug|Any CPU
		{E9BE1EC3-3A15-4C6F-B7AA-1201750F1A7D}.Debug|Any CPU.Build.0 = Debug|Any CPU
		{E9BE1EC3-3A15-4C6F-B7AA-1201750F1A7D}.Release|Any CPU.ActiveCfg = Release|Any CPU
		{E9BE1EC3-3A15-4C6F-B7AA-1201750F1A7D}.Release|Any CPU.Build.0 = Release|Any CPU
		{BF62D4DF-0A44-43DE-B08A-B89159E7ABF4}.Debug|Any CPU.ActiveCfg = Debug|Any CPU
		{BF62D4DF-0A44-43DE-B08A-B89159E7ABF4}.Debug|Any CPU.Build.0 = Debug|Any CPU
		{BF62D4DF-0A44-43DE-B08A-B89159E7ABF4}.Release|Any CPU.ActiveCfg = Release|Any CPU
		{BF62D4DF-0A44-43DE-B08A-B89159E7ABF4}.Release|Any CPU.Build.0 = Release|Any CPU
	EndGlobalSection
	GlobalSection(SolutionProperties) = preSolution
		HideSolutionNode = FALSE
	EndGlobalSection
	GlobalSection(ExtensibilityGlobals) = postSolution
		SolutionGuid = {5472DBE4-B454-48BC-97FB-967949BDF94B}
	EndGlobalSection
EndGlobal
